
Microsoft Visual Studio Solution File, Format Version 12.00
# Visual Studio 14
VisualStudioVersion = 14.0.25420.1
MinimumVisualStudioVersion = 10.0.40219.1
Project("{FAE04EC0-301F-11D3-BF4B-00C04F79EFBC}") = "Ninesky", "Ninesky\Ninesky.csproj", "{7F8C63AD-85B4-478F-913F-2EBA8D12B7B4}"
EndProject
Project("{FAE04EC0-301F-11D3-BF4B-00C04F79EFBC}") = "Ninesky.BLL", "Ninesky.BLL\Ninesky.BLL.csproj", "{4785BA4C-F41C-47F3-8842-C11A20BE8E49}"
EndProject
Project("{FAE04EC0-301F-11D3-BF4B-00C04F79EFBC}") = "Ninesky.Common", "Ninesky.Common\Ninesky.Common.csproj", "{CB4C84F0-4162-439F-885F-CAA7E9555E4B}"
EndProject
Project("{FAE04EC0-301F-11D3-BF4B-00C04F79EFBC}") = "Ninesky.DAL", "Ninesky.DAL\Ninesky.DAL.csproj", "{4C92EC21-CC0A-4B26-B607-A72FDBA57C3F}"
EndProject
Project("{FAE04EC0-301F-11D3-BF4B-00C04F79EFBC}") = "Ninesky.IBLL", "Ninesky.IBLL\Ninesky.IBLL.csproj", "{20C849FA-B95C-4BA1-9CD2-47A2197D9582}"
EndProject
Project("{FAE04EC0-301F-11D3-BF4B-00C04F79EFBC}") = "Ninesky.IDAL", "Ninesky.IDAL\Ninesky.IDAL.csproj", "{E4368E44-1C35-49FA-97F5-6BBF14344A78}"
EndProject
Project("{FAE04EC0-301F-11D3-BF4B-00C04F79EFBC}") = "Ninesky.Models", "Ninesky.Models\Ninesky.Models.csproj", "{648AA6CD-0C5C-4CCC-9513-F089DE1C5D63}"
EndProject
Global
	GlobalSection(SolutionConfigurationPlatforms) = preSolution
		Debug|Any CPU = Debug|Any CPU
		Release|Any CPU = Release|Any CPU
	EndGlobalSection
	GlobalSection(ProjectConfigurationPlatforms) = postSolution
		{7F8C63AD-85B4-478F-913F-2EBA8D12B7B4}.Debug|Any CPU.ActiveCfg = Debug|Any CPU
		{7F8C63AD-85B4-478F-913F-2EBA8D12B7B4}.Debug|Any CPU.Build.0 = Debug|Any CPU
		{7F8C63AD-85B4-478F-913F-2EBA8D12B7B4}.Release|Any CPU.ActiveCfg = Release|Any CPU
		{7F8C63AD-85B4-478F-913F-2EBA8D12B7B4}.Release|Any CPU.Build.0 = Release|Any CPU
		{4785BA4C-F41C-47F3-8842-C11A20BE8E49}.Debug|Any CPU.ActiveCfg = Debug|Any CPU
		{4785BA4C-F41C-47F3-8842-C11A20BE8E49}.Debug|Any CPU.Build.0 = Debug|Any CPU
		{4785BA4C-F41C-47F3-8842-C11A20BE8E49}.Release|Any CPU.ActiveCfg = Release|Any CPU
		{4785BA4C-F41C-47F3-8842-C11A20BE8E49}.Release|Any CPU.Build.0 = Release|Any CPU
		{CB4C84F0-4162-439F-885F-CAA7E9555E4B}.Debug|Any CPU.ActiveCfg = Debug|Any CPU
		{CB4C84F0-4162-439F-885F-CAA7E9555E4B}.Debug|Any CPU.Build.0 = Debug|Any CPU
		{CB4C84F0-4162-439F-885F-CAA7E9555E4B}.Release|Any CPU.ActiveCfg = Release|Any CPU
		{CB4C84F0-4162-439F-885F-CAA7E9555E4B}.Release|Any CPU.Build.0 = Release|Any CPU
		{4C92EC21-CC0A-4B26-B607-A72FDBA57C3F}.Debug|Any CPU.ActiveCfg = Debug|Any CPU
		{4C92EC21-CC0A-4B26-B607-A72FDBA57C3F}.Debug|Any CPU.Build.0 = Debug|Any CPU
		{4C92EC21-CC0A-4B26-B607-A72FDBA57C3F}.Release|Any CPU.ActiveCfg = Release|Any CPU
		{4C92EC21-CC0A-4B26-B607-A72FDBA57C3F}.Release|Any CPU.Build.0 = Release|Any CPU
		{20C849FA-B95C-4BA1-9CD2-47A2197D9582}.Debug|Any CPU.ActiveCfg = Debug|Any CPU
		{20C849FA-B95C-4BA1-9CD2-47A2197D9582}.Debug|Any CPU.Build.0 = Debug|Any CPU
		{20C849FA-B95C-4BA1-9CD2-47A2197D9582}.Release|Any CPU.ActiveCfg = Release|Any CPU
		{20C849FA-B95C-4BA1-9CD2-47A2197D9582}.Release|Any CPU.Build.0 = Release|Any CPU
		{E4368E44-1C35-49FA-97F5-6BBF14344A78}.Debug|Any CPU.ActiveCfg = Debug|Any CPU
		{E4368E44-1C35-49FA-97F5-6BBF14344A78}.Debug|Any CPU.Build.0 = Debug|Any CPU
		{E4368E44-1C35-49FA-97F5-6BBF14344A78}.Release|Any CPU.ActiveCfg = Release|Any CPU
		{E4368E44-1C35-49FA-97F5-6BBF14344A78}.Release|Any CPU.Build.0 = Release|Any CPU
		{648AA6CD-0C5C-4CCC-9513-F089DE1C5D63}.Debug|Any CPU.ActiveCfg = Debug|Any CPU
		{648AA6CD-0C5C-4CCC-9513-F089DE1C5D63}.Debug|Any CPU.Build.0 = Debug|Any CPU
		{648AA6CD-0C5C-4CCC-9513-F089DE1C5D63}.Release|Any CPU.ActiveCfg = Release|Any CPU
		{648AA6CD-0C5C-4CCC-9513-F089DE1C5D63}.Release|Any CPU.Build.0 = Release|Any CPU
	EndGlobalSection
	GlobalSection(SolutionProperties) = preSolution
		HideSolutionNode = FALSE
	EndGlobalSection
EndGlobal
